{
  "name": "cubism",
  "version": "1.6.0-R",
  "lockfileVersion": 1,
  "requires": true,
  "dependencies": {
    "d3": {
      "version": "3.5.17",
      "resolved": "https://registry.npmjs.org/d3/-/d3-3.5.17.tgz",
      "integrity": "sha1-vEZ0gAQ3iyGjYMn8fPUjF5B2L7g="
    },
    "eyes": {
      "version": "0.1.8",
      "resolved": "https://registry.npmjs.org/eyes/-/eyes-0.1.8.tgz",
      "integrity": "sha1-Ys8SAjTGg3hdkCNIqADvPgzCC8A=",
      "dev": true
    },
    "uglify-js": {
      "version": "1.2.5",
      "resolved": "https://registry.npmjs.org/uglify-js/-/uglify-js-1.2.5.tgz",
      "integrity": "sha1-tULCx29477NLIAsgF3Y0Mw/3ArY=",
      "dev": true
    },
    "vows": {
      "version": "0.6.1",
      "resolved": "https://registry.npmjs.org/vows/-/vows-0.6.1.tgz",
      "integrity": "sha1-DTzOx2eUt6yGALXHANaJhkpkCis=",
      "dev": true,
      "requires": {
        "eyes": ">=0.1.6"
      }
    }
  }
}
